
Microsoft Visual Studio Solution File, Format Version 12.00
# Visual Studio Version 16
VisualStudioVersion = 16.0.30503.244
MinimumVisualStudioVersion = 10.0.40219.1
Project("{FAE04EC0-301F-11D3-BF4B-00C04F79EFBC}") = "GUI", "GUI\GUI.csproj", "{3CD0D27F-F76E-427A-9B9B-AF5F4D39372A}"
EndProject
Global
	GlobalSection(SolutionConfigurationPlatforms) = preSolution
		Debug|Any CPU = Debug|Any CPU
		Release|Any CPU = Release|Any CPU
	EndGlobalSection
	GlobalSection(ProjectConfigurationPlatforms) = postSolution
		{3CD0D27F-F76E-427A-9B9B-AF5F4D39372A}.Debug|Any CPU.ActiveCfg = Debug|Any CPU
		{3CD0D27F-F76E-427A-9B9B-AF5F4D39372A}.Debug|Any CPU.Build.0 = Debug|Any CPU
		{3CD0D27F-F76E-427A-9B9B-AF5F4D39372A}.Release|Any CPU.ActiveCfg = Release|Any CPU
		{3CD0D27F-F76E-427A-9B9B-AF5F4D39372A}.Release|Any CPU.Build.0 = Release|Any CPU
	EndGlobalSection
	GlobalSection(SolutionProperties) = preSolution
		HideSolutionNode = FALSE
	EndGlobalSection
	GlobalSection(ExtensibilityGlobals) = postSolution
		SolutionGuid = {E76B2E95-F9E3-44DF-B476-16B5DE4C385D}
	EndGlobalSection
EndGlobal
